
Microsoft Visual Studio Solution File, Format Version 12.00
# Visual Studio Version 16
VisualStudioVersion = 16.0.29728.190
MinimumVisualStudioVersion = 10.0.40219.1
Project("{FAE04EC0-301F-11D3-BF4B-00C04F79EFBC}") = "QuanLyNhanSu", "QuanLyNhanSu\QuanLyNhanSu.csproj", "{BCDBB646-24DC-45CF-A7D6-05362B42C054}"
EndProject
Global
	GlobalSection(SolutionConfigurationPlatforms) = preSolution
		Debug|Any CPU = Debug|Any CPU
		Release|Any CPU = Release|Any CPU
	EndGlobalSection
	GlobalSection(ProjectConfigurationPlatforms) = postSolution
		{BCDBB646-24DC-45CF-A7D6-05362B42C054}.Debug|Any CPU.ActiveCfg = Debug|Any CPU
		{BCDBB646-24DC-45CF-A7D6-05362B42C054}.Debug|Any CPU.Build.0 = Debug|Any CPU
		{BCDBB646-24DC-45CF-A7D6-05362B42C054}.Release|Any CPU.ActiveCfg = Release|Any CPU
		{BCDBB646-24DC-45CF-A7D6-05362B42C054}.Release|Any CPU.Build.0 = Release|Any CPU
	EndGlobalSection
	GlobalSection(SolutionProperties) = preSolution
		HideSolutionNode = FALSE
	EndGlobalSection
	GlobalSection(ExtensibilityGlobals) = postSolution
		SolutionGuid = {CFA72693-ED01-44AC-BFE1-7928FB1F711C}
	EndGlobalSection
EndGlobal
